
Microsoft Visual Studio Solution File, Format Version 12.00
# Visual Studio 15
VisualStudioVersion = 15.0.28010.2036
MinimumVisualStudioVersion = 10.0.40219.1
Project("{8BC9CEB8-8B4A-11D0-8D11-00A0C91BC942}") = "CSC211-Exam2-Practice-Coding", "CSC211-Exam2-Practice-Coding\CSC211-Exam2-Practice-Coding.vcxproj", "{DB6EC547-4080-44ED-BB87-0C5ADFD4BCAA}"
EndProject
Global
	GlobalSection(SolutionConfigurationPlatforms) = preSolution
		Debug|x64 = Debug|x64
		Debug|x86 = Debug|x86
		Release|x64 = Release|x64
		Release|x86 = Release|x86
	EndGlobalSection
	GlobalSection(ProjectConfigurationPlatforms) = postSolution
		{DB6EC547-4080-44ED-BB87-0C5ADFD4BCAA}.Debug|x64.ActiveCfg = Debug|x64
		{DB6EC547-4080-44ED-BB87-0C5ADFD4BCAA}.Debug|x64.Build.0 = Debug|x64
		{DB6EC547-4080-44ED-BB87-0C5ADFD4BCAA}.Debug|x86.ActiveCfg = Debug|Win32
		{DB6EC547-4080-44ED-BB87-0C5ADFD4BCAA}.Debug|x86.Build.0 = Debug|Win32
		{DB6EC547-4080-44ED-BB87-0C5ADFD4BCAA}.Release|x64.ActiveCfg = Release|x64
		{DB6EC547-4080-44ED-BB87-0C5ADFD4BCAA}.Release|x64.Build.0 = Release|x64
		{DB6EC547-4080-44ED-BB87-0C5ADFD4BCAA}.Release|x86.ActiveCfg = Release|Win32
		{DB6EC547-4080-44ED-BB87-0C5ADFD4BCAA}.Release|x86.Build.0 = Release|Win32
	EndGlobalSection
	GlobalSection(SolutionProperties) = preSolution
		HideSolutionNode = FALSE
	EndGlobalSection
	GlobalSection(ExtensibilityGlobals) = postSolution
		SolutionGuid = {CD56D758-2ABC-4046-95B8-B0D754A6533B}
	EndGlobalSection
EndGlobal
